databaseChangeLog:
  - changeSet:
      id: init_shedlock_table
      author: aherbst
      comment: Create the shedlock table for scheduled job locking
      changes:
        - createTable:
            tableName: shedlock
            columns:
              - column:
                  name: name
                  type: VARCHAR(64)
                  constraints:
                    nullable: false
                    primaryKey: true
              - column:
                  name: lock_until
                  type: TIMESTAMP
                  constraints:
                    nullable: false
              - column:
                  name: locked_at
                  type: TIMESTAMP
                  constraints:
                    nullable: false
              - column:
                  name: locked_by
                  type: VARCHAR(255)
                  constraints:
                    nullable: false
